
Microsoft Visual Studio Solution File, Format Version 12.00
# Visual Studio 15
VisualStudioVersion = 15.0.26124.0
MinimumVisualStudioVersion = 15.0.26124.0
Project("{2150E333-8FDC-42A3-9474-1A3956D46DE8}") = "src", "src", "{705234AF-2E95-477C-AB11-04D0ADD07D6C}"
EndProject
Project("{FAE04EC0-301F-11D3-BF4B-00C04F79EFBC}") = "SimpleApi", "src\SimpleApi\SimpleApi.csproj", "{989EC292-28CB-497B-8525-C63C830A9023}"
EndProject
Project("{2150E333-8FDC-42A3-9474-1A3956D46DE8}") = "test", "test", "{3515000E-2C78-44DD-BA49-7D6DF271ED02}"
EndProject
Project("{FAE04EC0-301F-11D3-BF4B-00C04F79EFBC}") = "SimpleApi.Tests", "test\SimpleApi.Tests\SimpleApi.Tests.csproj", "{72D0F184-5F7B-4444-8C57-CFCA96BF0697}"
EndProject
Global
	GlobalSection(SolutionConfigurationPlatforms) = preSolution
		Debug|Any CPU = Debug|Any CPU
		Debug|x64 = Debug|x64
		Debug|x86 = Debug|x86
		Release|Any CPU = Release|Any CPU
		Release|x64 = Release|x64
		Release|x86 = Release|x86
	EndGlobalSection
	GlobalSection(SolutionProperties) = preSolution
		HideSolutionNode = FALSE
	EndGlobalSection
	GlobalSection(ProjectConfigurationPlatforms) = postSolution
		{989EC292-28CB-497B-8525-C63C830A9023}.Debug|Any CPU.ActiveCfg = Debug|Any CPU
		{989EC292-28CB-497B-8525-C63C830A9023}.Debug|Any CPU.Build.0 = Debug|Any CPU
		{989EC292-28CB-497B-8525-C63C830A9023}.Debug|x64.ActiveCfg = Debug|Any CPU
		{989EC292-28CB-497B-8525-C63C830A9023}.Debug|x64.Build.0 = Debug|Any CPU
		{989EC292-28CB-497B-8525-C63C830A9023}.Debug|x86.ActiveCfg = Debug|Any CPU
		{989EC292-28CB-497B-8525-C63C830A9023}.Debug|x86.Build.0 = Debug|Any CPU
		{989EC292-28CB-497B-8525-C63C830A9023}.Release|Any CPU.ActiveCfg = Release|Any CPU
		{989EC292-28CB-497B-8525-C63C830A9023}.Release|Any CPU.Build.0 = Release|Any CPU
		{989EC292-28CB-497B-8525-C63C830A9023}.Release|x64.ActiveCfg = Release|Any CPU
		{989EC292-28CB-497B-8525-C63C830A9023}.Release|x64.Build.0 = Release|Any CPU
		{989EC292-28CB-497B-8525-C63C830A9023}.Release|x86.ActiveCfg = Release|Any CPU
		{989EC292-28CB-497B-8525-C63C830A9023}.Release|x86.Build.0 = Release|Any CPU
		{72D0F184-5F7B-4444-8C57-CFCA96BF0697}.Debug|Any CPU.ActiveCfg = Debug|Any CPU
		{72D0F184-5F7B-4444-8C57-CFCA96BF0697}.Debug|Any CPU.Build.0 = Debug|Any CPU
		{72D0F184-5F7B-4444-8C57-CFCA96BF0697}.Debug|x64.ActiveCfg = Debug|Any CPU
		{72D0F184-5F7B-4444-8C57-CFCA96BF0697}.Debug|x64.Build.0 = Debug|Any CPU
		{72D0F184-5F7B-4444-8C57-CFCA96BF0697}.Debug|x86.ActiveCfg = Debug|Any CPU
		{72D0F184-5F7B-4444-8C57-CFCA96BF0697}.Debug|x86.Build.0 = Debug|Any CPU
		{72D0F184-5F7B-4444-8C57-CFCA96BF0697}.Release|Any CPU.ActiveCfg = Release|Any CPU
		{72D0F184-5F7B-4444-8C57-CFCA96BF0697}.Release|Any CPU.Build.0 = Release|Any CPU
		{72D0F184-5F7B-4444-8C57-CFCA96BF0697}.Release|x64.ActiveCfg = Release|Any CPU
		{72D0F184-5F7B-4444-8C57-CFCA96BF0697}.Release|x64.Build.0 = Release|Any CPU
		{72D0F184-5F7B-4444-8C57-CFCA96BF0697}.Release|x86.ActiveCfg = Release|Any CPU
		{72D0F184-5F7B-4444-8C57-CFCA96BF0697}.Release|x86.Build.0 = Release|Any CPU
	EndGlobalSection
	GlobalSection(NestedProjects) = preSolution
		{989EC292-28CB-497B-8525-C63C830A9023} = {705234AF-2E95-477C-AB11-04D0ADD07D6C}
		{72D0F184-5F7B-4444-8C57-CFCA96BF0697} = {3515000E-2C78-44DD-BA49-7D6DF271ED02}
	EndGlobalSection
EndGlobal
